
Microsoft Visual Studio Solution File, Format Version 12.00
# Visual Studio Version 17
VisualStudioVersion = 17.3.32811.315
MinimumVisualStudioVersion = 10.0.40219.1
Project("{FAE04EC0-301F-11D3-BF4B-00C04F79EFBC}") = "Conex_oracle11g", "Conex_oracle11g\Conex_oracle11g.csproj", "{111DE32B-4751-4FF1-9EEA-F4F9B1BFF39C}"
EndProject
Global
	GlobalSection(SolutionConfigurationPlatforms) = preSolution
		Debug|Any CPU = Debug|Any CPU
		Release|Any CPU = Release|Any CPU
	EndGlobalSection
	GlobalSection(ProjectConfigurationPlatforms) = postSolution
		{111DE32B-4751-4FF1-9EEA-F4F9B1BFF39C}.Debug|Any CPU.ActiveCfg = Debug|Any CPU
		{111DE32B-4751-4FF1-9EEA-F4F9B1BFF39C}.Debug|Any CPU.Build.0 = Debug|Any CPU
		{111DE32B-4751-4FF1-9EEA-F4F9B1BFF39C}.Release|Any CPU.ActiveCfg = Release|Any CPU
		{111DE32B-4751-4FF1-9EEA-F4F9B1BFF39C}.Release|Any CPU.Build.0 = Release|Any CPU
	EndGlobalSection
	GlobalSection(SolutionProperties) = preSolution
		HideSolutionNode = FALSE
	EndGlobalSection
	GlobalSection(ExtensibilityGlobals) = postSolution
		SolutionGuid = {101FB0E0-BD5F-4D19-B8E2-08266805C1B7}
	EndGlobalSection
EndGlobal
